
Microsoft Visual Studio Solution File, Format Version 12.00
# Visual Studio 14
VisualStudioVersion = 14.0.23107.0
MinimumVisualStudioVersion = 10.0.40219.1
Project("{FAE04EC0-301F-11D3-BF4B-00C04F79EFBC}") = "ronin.common", "ronin.common\ronin.common.csproj", "{8E390A20-C940-443A-BF0D-559987B7C45D}"
EndProject
Global
	GlobalSection(SolutionConfigurationPlatforms) = preSolution
		Debug|Any CPU = Debug|Any CPU
		Release|Any CPU = Release|Any CPU
	EndGlobalSection
	GlobalSection(ProjectConfigurationPlatforms) = postSolution
		{8E390A20-C940-443A-BF0D-559987B7C45D}.Debug|Any CPU.ActiveCfg = Debug|Any CPU
		{8E390A20-C940-443A-BF0D-559987B7C45D}.Debug|Any CPU.Build.0 = Debug|Any CPU
		{8E390A20-C940-443A-BF0D-559987B7C45D}.Release|Any CPU.ActiveCfg = Release|Any CPU
		{8E390A20-C940-443A-BF0D-559987B7C45D}.Release|Any CPU.Build.0 = Release|Any CPU
	EndGlobalSection
	GlobalSection(SolutionProperties) = preSolution
		HideSolutionNode = FALSE
	EndGlobalSection
EndGlobal
